{
  "nodes": {
    "nix-prelude": {
      "inputs": {
        "parsec": "parsec"
      },
      "locked": {
        "lastModified": 1701640190,
        "narHash": "sha256-FBHtlo/JPqzvADSJlsBXYo+VjpLe7vZctUqvGymtRrc=",
        "owner": "anna328p",
        "repo": "nix-prelude",
        "rev": "74426440ddc9aa8165adeff01e92a06bf4ef9e9d",
        "type": "github"
      },
      "original": {
        "owner": "anna328p",
        "repo": "nix-prelude",
        "type": "github"
      }
    },
    "nixpkgs": {
      "locked": {
        "lastModified": 1695597504,
        "narHash": "sha256-CKhj6wOKqndfHsDg8CKVBbpJWG8zHRZRLi7MnOatf0U=",
        "path": "/nix/store/ivfnb2y5ywn4p2qcpdncg3dvxmcpm9qp-source",
        "rev": "7a862f0a660d5bd850457a0ad7772e1672109ccd",
        "type": "path"
      },
      "original": {
        "id": "nixpkgs",
        "type": "indirect"
      }
    },
    "parsec": {
      "locked": {
        "lastModified": 1668890541,
        "narHash": "sha256-I6ZODAu2aSVr8xiBVewefQQL12wOrTGnLKhX3GFFCwM=",
        "owner": "milahu",
        "repo": "nix-parsec",
        "rev": "34dea7a47fc49b45bf965eba660250b86312707d",
        "type": "github"
      },
      "original": {
        "owner": "milahu",
        "repo": "nix-parsec",
        "type": "github"
      }
    },
    "root": {
      "inputs": {
        "nix-prelude": "nix-prelude",
        "nixpkgs": "nixpkgs"
      }
    }
  },
  "root": "root",
  "version": 7
}
